
Microsoft Visual Studio Solution File, Format Version 12.00
# Visual Studio 15
VisualStudioVersion = 15.0.27130.2024
MinimumVisualStudioVersion = 10.0.40219.1
Project("{FAE04EC0-301F-11D3-BF4B-00C04F79EFBC}") = "Employee", "Employee\Employee.csproj", "{A729DEAB-D7E2-44F2-84E4-F7352F6FE595}"
EndProject
Project("{FAE04EC0-301F-11D3-BF4B-00C04F79EFBC}") = "Employee.BusinessLayer", "Employee.BusinessLayer\Employee.BusinessLayer.csproj", "{AA7BCA21-4735-471C-9D43-387FB8DA503E}"
EndProject
Project("{FAE04EC0-301F-11D3-BF4B-00C04F79EFBC}") = "Employee.Core", "Employee.Core\Employee.Core.csproj", "{7AEEC3D2-E52D-45D0-81B4-FCA83A15C16F}"
EndProject
Project("{FAE04EC0-301F-11D3-BF4B-00C04F79EFBC}") = "Employee.DataAccess", "Employee.DataAccess\Employee.DataAccess.csproj", "{CB388863-D576-42BC-BFCC-8F9A1233A342}"
EndProject
Project("{FAE04EC0-301F-11D3-BF4B-00C04F79EFBC}") = "Employee.Data", "Employee.Data\Employee.Data.csproj", "{8571ABDF-26AC-414C-A86F-8DE7A194C1FF}"
EndProject
Global
	GlobalSection(SolutionConfigurationPlatforms) = preSolution
		Debug|Any CPU = Debug|Any CPU
		Release|Any CPU = Release|Any CPU
	EndGlobalSection
	GlobalSection(ProjectConfigurationPlatforms) = postSolution
		{A729DEAB-D7E2-44F2-84E4-F7352F6FE595}.Debug|Any CPU.ActiveCfg = Debug|Any CPU
		{A729DEAB-D7E2-44F2-84E4-F7352F6FE595}.Debug|Any CPU.Build.0 = Debug|Any CPU
		{A729DEAB-D7E2-44F2-84E4-F7352F6FE595}.Release|Any CPU.ActiveCfg = Release|Any CPU
		{A729DEAB-D7E2-44F2-84E4-F7352F6FE595}.Release|Any CPU.Build.0 = Release|Any CPU
		{AA7BCA21-4735-471C-9D43-387FB8DA503E}.Debug|Any CPU.ActiveCfg = Debug|Any CPU
		{AA7BCA21-4735-471C-9D43-387FB8DA503E}.Debug|Any CPU.Build.0 = Debug|Any CPU
		{AA7BCA21-4735-471C-9D43-387FB8DA503E}.Release|Any CPU.ActiveCfg = Release|Any CPU
		{AA7BCA21-4735-471C-9D43-387FB8DA503E}.Release|Any CPU.Build.0 = Release|Any CPU
		{7AEEC3D2-E52D-45D0-81B4-FCA83A15C16F}.Debug|Any CPU.ActiveCfg = Debug|Any CPU
		{7AEEC3D2-E52D-45D0-81B4-FCA83A15C16F}.Debug|Any CPU.Build.0 = Debug|Any CPU
		{7AEEC3D2-E52D-45D0-81B4-FCA83A15C16F}.Release|Any CPU.ActiveCfg = Release|Any CPU
		{7AEEC3D2-E52D-45D0-81B4-FCA83A15C16F}.Release|Any CPU.Build.0 = Release|Any CPU
		{CB388863-D576-42BC-BFCC-8F9A1233A342}.Debug|Any CPU.ActiveCfg = Debug|Any CPU
		{CB388863-D576-42BC-BFCC-8F9A1233A342}.Debug|Any CPU.Build.0 = Debug|Any CPU
		{CB388863-D576-42BC-BFCC-8F9A1233A342}.Release|Any CPU.ActiveCfg = Release|Any CPU
		{CB388863-D576-42BC-BFCC-8F9A1233A342}.Release|Any CPU.Build.0 = Release|Any CPU
		{8571ABDF-26AC-414C-A86F-8DE7A194C1FF}.Debug|Any CPU.ActiveCfg = Debug|Any CPU
		{8571ABDF-26AC-414C-A86F-8DE7A194C1FF}.Debug|Any CPU.Build.0 = Debug|Any CPU
		{8571ABDF-26AC-414C-A86F-8DE7A194C1FF}.Release|Any CPU.ActiveCfg = Release|Any CPU
		{8571ABDF-26AC-414C-A86F-8DE7A194C1FF}.Release|Any CPU.Build.0 = Release|Any CPU
	EndGlobalSection
	GlobalSection(SolutionProperties) = preSolution
		HideSolutionNode = FALSE
	EndGlobalSection
	GlobalSection(ExtensibilityGlobals) = postSolution
		SolutionGuid = {32E9AE53-6A9A-4AFC-A666-66A2798E3949}
	EndGlobalSection
EndGlobal
